
Microsoft Visual Studio Solution File, Format Version 12.00
# Visual Studio Version 17
VisualStudioVersion = 17.14.36518.9
MinimumVisualStudioVersion = 10.0.40219.1
Project("{FAE04EC0-301F-11D3-BF4B-00C04F79EFBC}") = "TP2_Kremser_Gaetan", "TP1_Kremser_Gaetan\TP2_Kremser_Gaetan.csproj", "{7D23DF7E-5F3C-49B9-96FB-0310DE803C1D}"
EndProject
Global
	GlobalSection(SolutionConfigurationPlatforms) = preSolution
		Debug|Any CPU = Debug|Any CPU
		Release|Any CPU = Release|Any CPU
	EndGlobalSection
	GlobalSection(ProjectConfigurationPlatforms) = postSolution
		{7D23DF7E-5F3C-49B9-96FB-0310DE803C1D}.Debug|Any CPU.ActiveCfg = Debug|Any CPU
		{7D23DF7E-5F3C-49B9-96FB-0310DE803C1D}.Debug|Any CPU.Build.0 = Debug|Any CPU
		{7D23DF7E-5F3C-49B9-96FB-0310DE803C1D}.Release|Any CPU.ActiveCfg = Release|Any CPU
		{7D23DF7E-5F3C-49B9-96FB-0310DE803C1D}.Release|Any CPU.Build.0 = Release|Any CPU
	EndGlobalSection
	GlobalSection(SolutionProperties) = preSolution
		HideSolutionNode = FALSE
	EndGlobalSection
	GlobalSection(ExtensibilityGlobals) = postSolution
		SolutionGuid = {D6A66464-BF0B-4A54-98EB-FAD8C7CB3D1D}
	EndGlobalSection
EndGlobal
