
Microsoft Visual Studio Solution File, Format Version 12.00
# Visual Studio Version 16
VisualStudioVersion = 16.0.35425.106
MinimumVisualStudioVersion = 10.0.40219.1
Project("{FAE04EC0-301F-11D3-BF4B-00C04F79EFBC}") = "TP0_Kremser_Gaetan", "TP0_Kremser_Gaetan.csproj", "{AE12D67E-CDF4-4380-8044-09CC561092FD}"
EndProject
Global
	GlobalSection(SolutionConfigurationPlatforms) = preSolution
		Debug|Any CPU = Debug|Any CPU
		Release|Any CPU = Release|Any CPU
	EndGlobalSection
	GlobalSection(ProjectConfigurationPlatforms) = postSolution
		{AE12D67E-CDF4-4380-8044-09CC561092FD}.Debug|Any CPU.ActiveCfg = Debug|Any CPU
		{AE12D67E-CDF4-4380-8044-09CC561092FD}.Debug|Any CPU.Build.0 = Debug|Any CPU
		{AE12D67E-CDF4-4380-8044-09CC561092FD}.Release|Any CPU.ActiveCfg = Release|Any CPU
		{AE12D67E-CDF4-4380-8044-09CC561092FD}.Release|Any CPU.Build.0 = Release|Any CPU
	EndGlobalSection
	GlobalSection(SolutionProperties) = preSolution
		HideSolutionNode = FALSE
	EndGlobalSection
	GlobalSection(ExtensibilityGlobals) = postSolution
		SolutionGuid = {63D59EA0-A2E3-4C24-B1CA-0250269284F5}
	EndGlobalSection
EndGlobal
